// !$*UTF8*$!
{
	archiveVersion = 1;
	classes = {
	};
	objectVersion = 46;
	objects = {

/* Begin PBXBuildFile section */
		BE3A9B751962179F00C1DA9F /* HyperIndexedTree.m in Sources */ = {isa = PBXBuildFile; fileRef = BE3A9B741962179F00C1DA9F /* HyperIndexedTree.m */; };
		BE3A9B781962193C00C1DA9F /* NSMutableArray+Hyper.m in Sources */ = {isa = PBXBuildFile; fileRef = BE3A9B771962193C00C1DA9F /* NSMutableArray+Hyper.m */; };
		BE3A9B7F19632DCC00C1DA9F /* Hyper.m in Sources */ = {isa = PBXBuildFile; fileRef = BE3A9B7E19632DCC00C1DA9F /* Hyper.m */; };
		BEA85C80195095A500F4CC70 /* Foundation.framework in Frameworks */ = {isa = PBXBuildFile; fileRef = BEA85C7F195095A500F4CC70 /* Foundation.framework */; };
		BEA85C82195095A500F4CC70 /* CoreGraphics.framework in Frameworks */ = {isa = PBXBuildFile; fileRef = BEA85C81195095A500F4CC70 /* CoreGraphics.framework */; };
		BEA85C84195095A500F4CC70 /* UIKit.framework in Frameworks */ = {isa = PBXBuildFile; fileRef = BEA85C83195095A500F4CC70 /* UIKit.framework */; };
		BEA85C8A195095A500F4CC70 /* InfoPlist.strings in Resources */ = {isa = PBXBuildFile; fileRef = BEA85C88195095A500F4CC70 /* InfoPlist.strings */; };
		BEA85C8C195095A500F4CC70 /* main.m in Sources */ = {isa = PBXBuildFile; fileRef = BEA85C8B195095A500F4CC70 /* main.m */; };
		BEA85C90195095A500F4CC70 /* AppDelegate.m in Sources */ = {isa = PBXBuildFile; fileRef = BEA85C8F195095A500F4CC70 /* AppDelegate.m */; };
		BEA85C92195095A500F4CC70 /* Images.xcassets in Resources */ = {isa = PBXBuildFile; fileRef = BEA85C91195095A500F4CC70 /* Images.xcassets */; };
		BEA85C99195095A500F4CC70 /* XCTest.framework in Frameworks */ = {isa = PBXBuildFile; fileRef = BEA85C98195095A500F4CC70 /* XCTest.framework */; };
		BEA85C9A195095A500F4CC70 /* Foundation.framework in Frameworks */ = {isa = PBXBuildFile; fileRef = BEA85C7F195095A500F4CC70 /* Foundation.framework */; };
		BEA85C9B195095A500F4CC70 /* UIKit.framework in Frameworks */ = {isa = PBXBuildFile; fileRef = BEA85C83195095A500F4CC70 /* UIKit.framework */; };
		BEA85CA3195095A500F4CC70 /* InfoPlist.strings in Resources */ = {isa = PBXBuildFile; fileRef = BEA85CA1195095A500F4CC70 /* InfoPlist.strings */; };
		BEA85CA5195095A500F4CC70 /* HyperExperimentalTests.m in Sources */ = {isa = PBXBuildFile; fileRef = BEA85CA4195095A500F4CC70 /* HyperExperimentalTests.m */; };
		BEA85CB01950972300F4CC70 /* Network.m in Sources */ = {isa = PBXBuildFile; fileRef = BEA85CAF1950972300F4CC70 /* Network.m */; };
		BEA85CB31950973900F4CC70 /* JSONResponseSerializerWithData.m in Sources */ = {isa = PBXBuildFile; fileRef = BEA85CB21950973900F4CC70 /* JSONResponseSerializerWithData.m */; };
		BEA85CB61950984700F4CC70 /* Settings.m in Sources */ = {isa = PBXBuildFile; fileRef = BEA85CB51950984700F4CC70 /* Settings.m */; };
		BEA85CB81950985000F4CC70 /* settings.json in Resources */ = {isa = PBXBuildFile; fileRef = BEA85CB71950985000F4CC70 /* settings.json */; };
		BEA85CBB195098B200F4CC70 /* NSMutableDictionary+Hyper.m in Sources */ = {isa = PBXBuildFile; fileRef = BEA85CBA195098B200F4CC70 /* NSMutableDictionary+Hyper.m */; };
		BEA85CBE1950A86200F4CC70 /* ViewController.m in Sources */ = {isa = PBXBuildFile; fileRef = BEA85CBD1950A86200F4CC70 /* ViewController.m */; };
		BEA85CC31952376300F4CC70 /* HyperTableViewController.m in Sources */ = {isa = PBXBuildFile; fileRef = BEA85CC21952376300F4CC70 /* HyperTableViewController.m */; };
		BEA85CC7195237F200F4CC70 /* NSMutableDictionary+HyperCollection.m in Sources */ = {isa = PBXBuildFile; fileRef = BEA85CC6195237F200F4CC70 /* NSMutableDictionary+HyperCollection.m */; };
		BEA85CCA1952449C00F4CC70 /* WebViewController.m in Sources */ = {isa = PBXBuildFile; fileRef = BEA85CC91952449C00F4CC70 /* WebViewController.m */; };
		EF2A94E53E444B1E9E010BA5 /* libPods-HyperExperimental.a in Frameworks */ = {isa = PBXBuildFile; fileRef = 3A158F8EC96F402B96A55F61 /* libPods-HyperExperimental.a */; };
/* End PBXBuildFile section */

/* Begin PBXContainerItemProxy section */
		BEA85C9C195095A500F4CC70 /* PBXContainerItemProxy */ = {
			isa = PBXContainerItemProxy;
			containerPortal = BEA85C74195095A500F4CC70 /* Project object */;
			proxyType = 1;
			remoteGlobalIDString = BEA85C7B195095A500F4CC70;
			remoteInfo = HyperExperimental;
		};
/* End PBXContainerItemProxy section */

/* Begin PBXFileReference section */
		3538B00E54BA468FA49D4835 /* Pods-HyperExperimental.xcconfig */ = {isa = PBXFileReference; includeInIndex = 1; lastKnownFileType = text.xcconfig; name = "Pods-HyperExperimental.xcconfig"; path = "Pods/Pods-HyperExperimental.xcconfig"; sourceTree = "<group>"; };
		3A158F8EC96F402B96A55F61 /* libPods-HyperExperimental.a */ = {isa = PBXFileReference; explicitFileType = archive.ar; includeInIndex = 0; path = "libPods-HyperExperimental.a"; sourceTree = BUILT_PRODUCTS_DIR; };
		BE3A9B731962179F00C1DA9F /* HyperIndexedTree.h */ = {isa = PBXFileReference; fileEncoding = 4; lastKnownFileType = sourcecode.c.h; path = HyperIndexedTree.h; sourceTree = "<group>"; };
		BE3A9B741962179F00C1DA9F /* HyperIndexedTree.m */ = {isa = PBXFileReference; fileEncoding = 4; lastKnownFileType = sourcecode.c.objc; path = HyperIndexedTree.m; sourceTree = "<group>"; };
		BE3A9B761962193C00C1DA9F /* NSMutableArray+Hyper.h */ = {isa = PBXFileReference; fileEncoding = 4; lastKnownFileType = sourcecode.c.h; path = "NSMutableArray+Hyper.h"; sourceTree = "<group>"; };
		BE3A9B771962193C00C1DA9F /* NSMutableArray+Hyper.m */ = {isa = PBXFileReference; fileEncoding = 4; lastKnownFileType = sourcecode.c.objc; path = "NSMutableArray+Hyper.m"; sourceTree = "<group>"; };
		BE3A9B7D19632DCC00C1DA9F /* Hyper.h */ = {isa = PBXFileReference; fileEncoding = 4; lastKnownFileType = sourcecode.c.h; path = Hyper.h; sourceTree = "<group>"; };
		BE3A9B7E19632DCC00C1DA9F /* Hyper.m */ = {isa = PBXFileReference; fileEncoding = 4; lastKnownFileType = sourcecode.c.objc; path = Hyper.m; sourceTree = "<group>"; };
		BEA85C7C195095A500F4CC70 /* HyperExperimental.app */ = {isa = PBXFileReference; explicitFileType = wrapper.application; includeInIndex = 0; path = HyperExperimental.app; sourceTree = BUILT_PRODUCTS_DIR; };
		BEA85C7F195095A500F4CC70 /* Foundation.framework */ = {isa = PBXFileReference; lastKnownFileType = wrapper.framework; name = Foundation.framework; path = System/Library/Frameworks/Foundation.framework; sourceTree = SDKROOT; };
		BEA85C81195095A500F4CC70 /* CoreGraphics.framework */ = {isa = PBXFileReference; lastKnownFileType = wrapper.framework; name = CoreGraphics.framework; path = System/Library/Frameworks/CoreGraphics.framework; sourceTree = SDKROOT; };
		BEA85C83195095A500F4CC70 /* UIKit.framework */ = {isa = PBXFileReference; lastKnownFileType = wrapper.framework; name = UIKit.framework; path = System/Library/Frameworks/UIKit.framework; sourceTree = SDKROOT; };
		BEA85C87195095A500F4CC70 /* HyperExperimental-Info.plist */ = {isa = PBXFileReference; lastKnownFileType = text.plist.xml; path = "HyperExperimental-Info.plist"; sourceTree = "<group>"; };
		BEA85C89195095A500F4CC70 /* en */ = {isa = PBXFileReference; lastKnownFileType = text.plist.strings; name = en; path = en.lproj/InfoPlist.strings; sourceTree = "<group>"; };
		BEA85C8B195095A500F4CC70 /* main.m */ = {isa = PBXFileReference; lastKnownFileType = sourcecode.c.objc; path = main.m; sourceTree = "<group>"; };
		BEA85C8D195095A500F4CC70 /* HyperExperimental-Prefix.pch */ = {isa = PBXFileReference; lastKnownFileType = sourcecode.c.h; path = "HyperExperimental-Prefix.pch"; sourceTree = "<group>"; };
		BEA85C8E195095A500F4CC70 /* AppDelegate.h */ = {isa = PBXFileReference; lastKnownFileType = sourcecode.c.h; path = AppDelegate.h; sourceTree = "<group>"; };
		BEA85C8F195095A500F4CC70 /* AppDelegate.m */ = {isa = PBXFileReference; lastKnownFileType = sourcecode.c.objc; path = AppDelegate.m; sourceTree = "<group>"; };
		BEA85C91195095A500F4CC70 /* Images.xcassets */ = {isa = PBXFileReference; lastKnownFileType = folder.assetcatalog; path = Images.xcassets; sourceTree = "<group>"; };
		BEA85C97195095A500F4CC70 /* HyperExperimentalTests.xctest */ = {isa = PBXFileReference; explicitFileType = wrapper.cfbundle; includeInIndex = 0; path = HyperExperimentalTests.xctest; sourceTree = BUILT_PRODUCTS_DIR; };
		BEA85C98195095A500F4CC70 /* XCTest.framework */ = {isa = PBXFileReference; lastKnownFileType = wrapper.framework; name = XCTest.framework; path = Library/Frameworks/XCTest.framework; sourceTree = DEVELOPER_DIR; };
		BEA85CA0195095A500F4CC70 /* HyperExperimentalTests-Info.plist */ = {isa = PBXFileReference; lastKnownFileType = text.plist.xml; path = "HyperExperimentalTests-Info.plist"; sourceTree = "<group>"; };
		BEA85CA2195095A500F4CC70 /* en */ = {isa = PBXFileReference; lastKnownFileType = text.plist.strings; name = en; path = en.lproj/InfoPlist.strings; sourceTree = "<group>"; };
		BEA85CA4195095A500F4CC70 /* HyperExperimentalTests.m */ = {isa = PBXFileReference; lastKnownFileType = sourcecode.c.objc; path = HyperExperimentalTests.m; sourceTree = "<group>"; };
		BEA85CAE1950972300F4CC70 /* Network.h */ = {isa = PBXFileReference; fileEncoding = 4; lastKnownFileType = sourcecode.c.h; path = Network.h; sourceTree = "<group>"; };
		BEA85CAF1950972300F4CC70 /* Network.m */ = {isa = PBXFileReference; fileEncoding = 4; lastKnownFileType = sourcecode.c.objc; path = Network.m; sourceTree = "<group>"; };
		BEA85CB11950973900F4CC70 /* JSONResponseSerializerWithData.h */ = {isa = PBXFileReference; fileEncoding = 4; lastKnownFileType = sourcecode.c.h; path = JSONResponseSerializerWithData.h; sourceTree = "<group>"; };
		BEA85CB21950973900F4CC70 /* JSONResponseSerializerWithData.m */ = {isa = PBXFileReference; fileEncoding = 4; lastKnownFileType = sourcecode.c.objc; path = JSONResponseSerializerWithData.m; sourceTree = "<group>"; };
		BEA85CB41950984700F4CC70 /* Settings.h */ = {isa = PBXFileReference; fileEncoding = 4; lastKnownFileType = sourcecode.c.h; path = Settings.h; sourceTree = "<group>"; };
		BEA85CB51950984700F4CC70 /* Settings.m */ = {isa = PBXFileReference; fileEncoding = 4; lastKnownFileType = sourcecode.c.objc; path = Settings.m; sourceTree = "<group>"; };
		BEA85CB71950985000F4CC70 /* settings.json */ = {isa = PBXFileReference; fileEncoding = 4; lastKnownFileType = text.json; path = settings.json; sourceTree = "<group>"; };
		BEA85CB9195098B200F4CC70 /* NSMutableDictionary+Hyper.h */ = {isa = PBXFileReference; fileEncoding = 4; lastKnownFileType = sourcecode.c.h; path = "NSMutableDictionary+Hyper.h"; sourceTree = "<group>"; };
		BEA85CBA195098B200F4CC70 /* NSMutableDictionary+Hyper.m */ = {isa = PBXFileReference; fileEncoding = 4; lastKnownFileType = sourcecode.c.objc; path = "NSMutableDictionary+Hyper.m"; sourceTree = "<group>"; };
		BEA85CBC1950A86200F4CC70 /* ViewController.h */ = {isa = PBXFileReference; fileEncoding = 4; lastKnownFileType = sourcecode.c.h; path = ViewController.h; sourceTree = "<group>"; };
		BEA85CBD1950A86200F4CC70 /* ViewController.m */ = {isa = PBXFileReference; fileEncoding = 4; lastKnownFileType = sourcecode.c.objc; path = ViewController.m; sourceTree = "<group>"; };
		BEA85CC11952376300F4CC70 /* HyperTableViewController.h */ = {isa = PBXFileReference; fileEncoding = 4; lastKnownFileType = sourcecode.c.h; path = HyperTableViewController.h; sourceTree = "<group>"; };
		BEA85CC21952376300F4CC70 /* HyperTableViewController.m */ = {isa = PBXFileReference; fileEncoding = 4; lastKnownFileType = sourcecode.c.objc; path = HyperTableViewController.m; sourceTree = "<group>"; };
		BEA85CC41952378000F4CC70 /* HyperCollection.h */ = {isa = PBXFileReference; lastKnownFileType = sourcecode.c.h; path = HyperCollection.h; sourceTree = "<group>"; };
		BEA85CC5195237F200F4CC70 /* NSMutableDictionary+HyperCollection.h */ = {isa = PBXFileReference; fileEncoding = 4; lastKnownFileType = sourcecode.c.h; path = "NSMutableDictionary+HyperCollection.h"; sourceTree = "<group>"; };
		BEA85CC6195237F200F4CC70 /* NSMutableDictionary+HyperCollection.m */ = {isa = PBXFileReference; fileEncoding = 4; lastKnownFileType = sourcecode.c.objc; path = "NSMutableDictionary+HyperCollection.m"; sourceTree = "<group>"; };
		BEA85CC81952449C00F4CC70 /* WebViewController.h */ = {isa = PBXFileReference; fileEncoding = 4; lastKnownFileType = sourcecode.c.h; path = WebViewController.h; sourceTree = "<group>"; };
		BEA85CC91952449C00F4CC70 /* WebViewController.m */ = {isa = PBXFileReference; fileEncoding = 4; lastKnownFileType = sourcecode.c.objc; path = WebViewController.m; sourceTree = "<group>"; };
/* End PBXFileReference section */

/* Begin PBXFrameworksBuildPhase section */
		BEA85C79195095A500F4CC70 /* Frameworks */ = {
			isa = PBXFrameworksBuildPhase;
			buildActionMask = 2147483647;
			files = (
				BEA85C82195095A500F4CC70 /* CoreGraphics.framework in Frameworks */,
				BEA85C84195095A500F4CC70 /* UIKit.framework in Frameworks */,
				BEA85C80195095A500F4CC70 /* Foundation.framework in Frameworks */,
				EF2A94E53E444B1E9E010BA5 /* libPods-HyperExperimental.a in Frameworks */,
			);
			runOnlyForDeploymentPostprocessing = 0;
		};
		BEA85C94195095A500F4CC70 /* Frameworks */ = {
			isa = PBXFrameworksBuildPhase;
			buildActionMask = 2147483647;
			files = (
				BEA85C99195095A500F4CC70 /* XCTest.framework in Frameworks */,
				BEA85C9B195095A500F4CC70 /* UIKit.framework in Frameworks */,
				BEA85C9A195095A500F4CC70 /* Foundation.framework in Frameworks */,
			);
			runOnlyForDeploymentPostprocessing = 0;
		};
/* End PBXFrameworksBuildPhase section */

/* Begin PBXGroup section */
		BEA85C73195095A500F4CC70 = {
			isa = PBXGroup;
			children = (
				BEA85C85195095A500F4CC70 /* HyperExperimental */,
				BEA85C9E195095A500F4CC70 /* HyperExperimentalTests */,
				BEA85C7E195095A500F4CC70 /* Frameworks */,
				BEA85C7D195095A500F4CC70 /* Products */,
				3538B00E54BA468FA49D4835 /* Pods-HyperExperimental.xcconfig */,
			);
			sourceTree = "<group>";
		};
		BEA85C7D195095A500F4CC70 /* Products */ = {
			isa = PBXGroup;
			children = (
				BEA85C7C195095A500F4CC70 /* HyperExperimental.app */,
				BEA85C97195095A500F4CC70 /* HyperExperimentalTests.xctest */,
			);
			name = Products;
			sourceTree = "<group>";
		};
		BEA85C7E195095A500F4CC70 /* Frameworks */ = {
			isa = PBXGroup;
			children = (
				BEA85C7F195095A500F4CC70 /* Foundation.framework */,
				BEA85C81195095A500F4CC70 /* CoreGraphics.framework */,
				BEA85C83195095A500F4CC70 /* UIKit.framework */,
				BEA85C98195095A500F4CC70 /* XCTest.framework */,
				3A158F8EC96F402B96A55F61 /* libPods-HyperExperimental.a */,
			);
			name = Frameworks;
			sourceTree = "<group>";
		};
		BEA85C85195095A500F4CC70 /* HyperExperimental */ = {
			isa = PBXGroup;
			children = (
				BEA85CAE1950972300F4CC70 /* Network.h */,
				BEA85CAF1950972300F4CC70 /* Network.m */,
				BEA85CB11950973900F4CC70 /* JSONResponseSerializerWithData.h */,
				BEA85CB21950973900F4CC70 /* JSONResponseSerializerWithData.m */,
				BEA85CB41950984700F4CC70 /* Settings.h */,
				BEA85CB51950984700F4CC70 /* Settings.m */,
				BEA85C8E195095A500F4CC70 /* AppDelegate.h */,
				BEA85C8F195095A500F4CC70 /* AppDelegate.m */,
				BEA85CB71950985000F4CC70 /* settings.json */,
				BEA85CB9195098B200F4CC70 /* NSMutableDictionary+Hyper.h */,
				BEA85CBA195098B200F4CC70 /* NSMutableDictionary+Hyper.m */,
				BE3A9B761962193C00C1DA9F /* NSMutableArray+Hyper.h */,
				BE3A9B771962193C00C1DA9F /* NSMutableArray+Hyper.m */,
				BEA85CC5195237F200F4CC70 /* NSMutableDictionary+HyperCollection.h */,
				BEA85CC6195237F200F4CC70 /* NSMutableDictionary+HyperCollection.m */,
				BEA85CC41952378000F4CC70 /* HyperCollection.h */,
				BEA85C91195095A500F4CC70 /* Images.xcassets */,
				BEA85C86195095A500F4CC70 /* Supporting Files */,
				BEA85CBC1950A86200F4CC70 /* ViewController.h */,
				BEA85CBD1950A86200F4CC70 /* ViewController.m */,
				BEA85CC81952449C00F4CC70 /* WebViewController.h */,
				BEA85CC91952449C00F4CC70 /* WebViewController.m */,
				BEA85CC11952376300F4CC70 /* HyperTableViewController.h */,
				BEA85CC21952376300F4CC70 /* HyperTableViewController.m */,
				BE3A9B731962179F00C1DA9F /* HyperIndexedTree.h */,
				BE3A9B741962179F00C1DA9F /* HyperIndexedTree.m */,
			);
			path = HyperExperimental;
			sourceTree = "<group>";
		};
		BEA85C86195095A500F4CC70 /* Supporting Files */ = {
			isa = PBXGroup;
			children = (
				BEA85C87195095A500F4CC70 /* HyperExperimental-Info.plist */,
				BEA85C88195095A500F4CC70 /* InfoPlist.strings */,
				BEA85C8B195095A500F4CC70 /* main.m */,
				BEA85C8D195095A500F4CC70 /* HyperExperimental-Prefix.pch */,
			);
			name = "Supporting Files";
			sourceTree = "<group>";
		};
		BEA85C9E195095A500F4CC70 /* HyperExperimentalTests */ = {
			isa = PBXGroup;
			children = (
				BEA85CA4195095A500F4CC70 /* HyperExperimentalTests.m */,
				BEA85C9F195095A500F4CC70 /* Supporting Files */,
			);
			path = HyperExperimentalTests;
			sourceTree = "<group>";
		};
		BEA85C9F195095A500F4CC70 /* Supporting Files */ = {
			isa = PBXGroup;
			children = (
				BEA85CA0195095A500F4CC70 /* HyperExperimentalTests-Info.plist */,
				BEA85CA1195095A500F4CC70 /* InfoPlist.strings */,
			);
			name = "Supporting Files";
			sourceTree = "<group>";
		};
/* End PBXGroup section */

/* Begin PBXNativeTarget section */
		BEA85C7B195095A500F4CC70 /* HyperExperimental */ = {
			isa = PBXNativeTarget;
			buildConfigurationList = BEA85CA8195095A500F4CC70 /* Build configuration list for PBXNativeTarget "HyperExperimental" */;
			buildPhases = (
				92207A7E1E764581B621D756 /* Check Pods Manifest.lock */,
				BEA85C78195095A500F4CC70 /* Sources */,
				BEA85C79195095A500F4CC70 /* Frameworks */,
				BEA85C7A195095A500F4CC70 /* Resources */,
				71859CFF664646F1A75C30C7 /* Copy Pods Resources */,
			);
			buildRules = (
			);
			dependencies = (
			);
			name = HyperExperimental;
			productName = HyperExperimental;
			productReference = BEA85C7C195095A500F4CC70 /* HyperExperimental.app */;
			productType = "com.apple.product-type.application";
		};
		BEA85C96195095A500F4CC70 /* HyperExperimentalTests */ = {
			isa = PBXNativeTarget;
			buildConfigurationList = BEA85CAB195095A500F4CC70 /* Build configuration list for PBXNativeTarget "HyperExperimentalTests" */;
			buildPhases = (
				BEA85C93195095A500F4CC70 /* Sources */,
				BEA85C94195095A500F4CC70 /* Frameworks */,
				BEA85C95195095A500F4CC70 /* Resources */,
			);
			buildRules = (
			);
			dependencies = (
				BEA85C9D195095A500F4CC70 /* PBXTargetDependency */,
			);
			name = HyperExperimentalTests;
			productName = HyperExperimentalTests;
			productReference = BEA85C97195095A500F4CC70 /* HyperExperimentalTests.xctest */;
			productType = "com.apple.product-type.bundle.unit-test";
		};
/* End PBXNativeTarget section */

/* Begin PBXProject section */
		BEA85C74195095A500F4CC70 /* Project object */ = {
			isa = PBXProject;
			attributes = {
				LastUpgradeCheck = 0510;
				ORGANIZATIONNAME = "OC Tanner";
				TargetAttributes = {
					BEA85C96195095A500F4CC70 = {
						TestTargetID = BEA85C7B195095A500F4CC70;
					};
				};
			};
			buildConfigurationList = BEA85C77195095A500F4CC70 /* Build configuration list for PBXProject "HyperExperimental" */;
			compatibilityVersion = "Xcode 3.2";
			developmentRegion = English;
			hasScannedForEncodings = 0;
			knownRegions = (
				en,
			);
			mainGroup = BEA85C73195095A500F4CC70;
			productRefGroup = BEA85C7D195095A500F4CC70 /* Products */;
			projectDirPath = "";
			projectRoot = "";
			targets = (
				BEA85C7B195095A500F4CC70 /* HyperExperimental */,
				BEA85C96195095A500F4CC70 /* HyperExperimentalTests */,
			);
		};
/* End PBXProject section */

/* Begin PBXResourcesBuildPhase section */
		BEA85C7A195095A500F4CC70 /* Resources */ = {
			isa = PBXResourcesBuildPhase;
			buildActionMask = 2147483647;
			files = (
				BEA85CB81950985000F4CC70 /* settings.json in Resources */,
				BEA85C8A195095A500F4CC70 /* InfoPlist.strings in Resources */,
				BEA85C92195095A500F4CC70 /* Images.xcassets in Resources */,
			);
			runOnlyForDeploymentPostprocessing = 0;
		};
		BEA85C95195095A500F4CC70 /* Resources */ = {
			isa = PBXResourcesBuildPhase;
			buildActionMask = 2147483647;
			files = (
				BEA85CA3195095A500F4CC70 /* InfoPlist.strings in Resources */,
			);
			runOnlyForDeploymentPostprocessing = 0;
		};
/* End PBXResourcesBuildPhase section */

/* Begin PBXShellScriptBuildPhase section */
		71859CFF664646F1A75C30C7 /* Copy Pods Resources */ = {
			isa = PBXShellScriptBuildPhase;
			buildActionMask = 2147483647;
			files = (
			);
			inputPaths = (
			);
			name = "Copy Pods Resources";
			outputPaths = (
			);
			runOnlyForDeploymentPostprocessing = 0;
			shellPath = /bin/sh;
			shellScript = "\"${SRCROOT}/Pods/Pods-HyperExperimental-resources.sh\"\n";
			showEnvVarsInLog = 0;
		};
		92207A7E1E764581B621D756 /* Check Pods Manifest.lock */ = {
			isa = PBXShellScriptBuildPhase;
			buildActionMask = 2147483647;
			files = (
			);
			inputPaths = (
			);
			name = "Check Pods Manifest.lock";
			outputPaths = (
			);
			runOnlyForDeploymentPostprocessing = 0;
			shellPath = /bin/sh;
			shellScript = "diff \"${PODS_ROOT}/../Podfile.lock\" \"${PODS_ROOT}/Manifest.lock\" > /dev/null\nif [[ $? != 0 ]] ; then\n    cat << EOM\nerror: The sandbox is not in sync with the Podfile.lock. Run 'pod install' or update your CocoaPods installation.\nEOM\n    exit 1\nfi\n";
			showEnvVarsInLog = 0;
		};
/* End PBXShellScriptBuildPhase section */

/* Begin PBXSourcesBuildPhase section */
		BEA85C78195095A500F4CC70 /* Sources */ = {
			isa = PBXSourcesBuildPhase;
			buildActionMask = 2147483647;
			files = (
				BEA85CBE1950A86200F4CC70 /* ViewController.m in Sources */,
				BEA85CCA1952449C00F4CC70 /* WebViewController.m in Sources */,
				BEA85CB31950973900F4CC70 /* JSONResponseSerializerWithData.m in Sources */,
				BE3A9B751962179F00C1DA9F /* HyperIndexedTree.m in Sources */,
				BEA85CC7195237F200F4CC70 /* NSMutableDictionary+HyperCollection.m in Sources */,
				BEA85C90195095A500F4CC70 /* AppDelegate.m in Sources */,
				BE3A9B7F19632DCC00C1DA9F /* Hyper.m in Sources */,
				BEA85CBB195098B200F4CC70 /* NSMutableDictionary+Hyper.m in Sources */,
				BEA85CC31952376300F4CC70 /* HyperTableViewController.m in Sources */,
				BEA85CB61950984700F4CC70 /* Settings.m in Sources */,
				BEA85CB01950972300F4CC70 /* Network.m in Sources */,
				BE3A9B781962193C00C1DA9F /* NSMutableArray+Hyper.m in Sources */,
				BEA85C8C195095A500F4CC70 /* main.m in Sources */,
			);
			runOnlyForDeploymentPostprocessing = 0;
		};
		BEA85C93195095A500F4CC70 /* Sources */ = {
			isa = PBXSourcesBuildPhase;
			buildActionMask = 2147483647;
			files = (
				BEA85CA5195095A500F4CC70 /* HyperExperimentalTests.m in Sources */,
			);
			runOnlyForDeploymentPostprocessing = 0;
		};
/* End PBXSourcesBuildPhase section */

/* Begin PBXTargetDependency section */
		BEA85C9D195095A500F4CC70 /* PBXTargetDependency */ = {
			isa = PBXTargetDependency;
			target = BEA85C7B195095A500F4CC70 /* HyperExperimental */;
			targetProxy = BEA85C9C195095A500F4CC70 /* PBXContainerItemProxy */;
		};
/* End PBXTargetDependency section */

/* Begin PBXVariantGroup section */
		BEA85C88195095A500F4CC70 /* InfoPlist.strings */ = {
			isa = PBXVariantGroup;
			children = (
				BEA85C89195095A500F4CC70 /* en */,
			);
			name = InfoPlist.strings;
			sourceTree = "<group>";
		};
		BEA85CA1195095A500F4CC70 /* InfoPlist.strings */ = {
			isa = PBXVariantGroup;
			children = (
				BEA85CA2195095A500F4CC70 /* en */,
			);
			name = InfoPlist.strings;
			sourceTree = "<group>";
		};
/* End PBXVariantGroup section */

/* Begin XCBuildConfiguration section */
		BEA85CA6195095A500F4CC70 /* Debug */ = {
			isa = XCBuildConfiguration;
			buildSettings = {
				ALWAYS_SEARCH_USER_PATHS = NO;
				CLANG_CXX_LANGUAGE_STANDARD = "gnu++0x";
				CLANG_CXX_LIBRARY = "libc++";
				CLANG_ENABLE_MODULES = YES;
				CLANG_ENABLE_OBJC_ARC = YES;
				CLANG_WARN_BOOL_CONVERSION = YES;
				CLANG_WARN_CONSTANT_CONVERSION = YES;
				CLANG_WARN_DIRECT_OBJC_ISA_USAGE = YES_ERROR;
				CLANG_WARN_EMPTY_BODY = YES;
				CLANG_WARN_ENUM_CONVERSION = YES;
				CLANG_WARN_INT_CONVERSION = YES;
				CLANG_WARN_OBJC_ROOT_CLASS = YES_ERROR;
				CLANG_WARN__DUPLICATE_METHOD_MATCH = YES;
				"CODE_SIGN_IDENTITY[sdk=iphoneos*]" = "iPhone Developer";
				COPY_PHASE_STRIP = NO;
				GCC_C_LANGUAGE_STANDARD = gnu99;
				GCC_DYNAMIC_NO_PIC = NO;
				GCC_OPTIMIZATION_LEVEL = 0;
				GCC_PREPROCESSOR_DEFINITIONS = (
					"DEBUG=1",
					"$(inherited)",
				);
				GCC_SYMBOLS_PRIVATE_EXTERN = NO;
				GCC_WARN_64_TO_32_BIT_CONVERSION = YES;
				GCC_WARN_ABOUT_RETURN_TYPE = YES_ERROR;
				GCC_WARN_UNDECLARED_SELECTOR = YES;
				GCC_WARN_UNINITIALIZED_AUTOS = YES_AGGRESSIVE;
				GCC_WARN_UNUSED_FUNCTION = YES;
				GCC_WARN_UNUSED_VARIABLE = YES;
				IPHONEOS_DEPLOYMENT_TARGET = 7.1;
				ONLY_ACTIVE_ARCH = YES;
				SDKROOT = iphoneos;
				TARGETED_DEVICE_FAMILY = "1,2";
			};
			name = Debug;
		};
		BEA85CA7195095A500F4CC70 /* Release */ = {
			isa = XCBuildConfiguration;
			buildSettings = {
				ALWAYS_SEARCH_USER_PATHS = NO;
				CLANG_CXX_LANGUAGE_STANDARD = "gnu++0x";
				CLANG_CXX_LIBRARY = "libc++";
				CLANG_ENABLE_MODULES = YES;
				CLANG_ENABLE_OBJC_ARC = YES;
				CLANG_WARN_BOOL_CONVERSION = YES;
				CLANG_WARN_CONSTANT_CONVERSION = YES;
				CLANG_WARN_DIRECT_OBJC_ISA_USAGE = YES_ERROR;
				CLANG_WARN_EMPTY_BODY = YES;
				CLANG_WARN_ENUM_CONVERSION = YES;
				CLANG_WARN_INT_CONVERSION = YES;
				CLANG_WARN_OBJC_ROOT_CLASS = YES_ERROR;
				CLANG_WARN__DUPLICATE_METHOD_MATCH = YES;
				"CODE_SIGN_IDENTITY[sdk=iphoneos*]" = "iPhone Developer";
				COPY_PHASE_STRIP = YES;
				ENABLE_NS_ASSERTIONS = NO;
				GCC_C_LANGUAGE_STANDARD = gnu99;
				GCC_WARN_64_TO_32_BIT_CONVERSION = YES;
				GCC_WARN_ABOUT_RETURN_TYPE = YES_ERROR;
				GCC_WARN_UNDECLARED_SELECTOR = YES;
				GCC_WARN_UNINITIALIZED_AUTOS = YES_AGGRESSIVE;
				GCC_WARN_UNUSED_FUNCTION = YES;
				GCC_WARN_UNUSED_VARIABLE = YES;
				IPHONEOS_DEPLOYMENT_TARGET = 7.1;
				SDKROOT = iphoneos;
				TARGETED_DEVICE_FAMILY = "1,2";
				VALIDATE_PRODUCT = YES;
			};
			name = Release;
		};
		BEA85CA9195095A500F4CC70 /* Debug */ = {
			isa = XCBuildConfiguration;
			baseConfigurationReference = 3538B00E54BA468FA49D4835 /* Pods-HyperExperimental.xcconfig */;
			buildSettings = {
				ASSETCATALOG_COMPILER_APPICON_NAME = AppIcon;
				ASSETCATALOG_COMPILER_LAUNCHIMAGE_NAME = LaunchImage;
				GCC_PRECOMPILE_PREFIX_HEADER = YES;
				GCC_PREFIX_HEADER = "HyperExperimental/HyperExperimental-Prefix.pch";
				INFOPLIST_FILE = "HyperExperimental/HyperExperimental-Info.plist";
				PRODUCT_NAME = "$(TARGET_NAME)";
				WRAPPER_EXTENSION = app;
			};
			name = Debug;
		};
		BEA85CAA195095A500F4CC70 /* Release */ = {
			isa = XCBuildConfiguration;
			baseConfigurationReference = 3538B00E54BA468FA49D4835 /* Pods-HyperExperimental.xcconfig */;
			buildSettings = {
				ASSETCATALOG_COMPILER_APPICON_NAME = AppIcon;
				ASSETCATALOG_COMPILER_LAUNCHIMAGE_NAME = LaunchImage;
				GCC_PRECOMPILE_PREFIX_HEADER = YES;
				GCC_PREFIX_HEADER = "HyperExperimental/HyperExperimental-Prefix.pch";
				INFOPLIST_FILE = "HyperExperimental/HyperExperimental-Info.plist";
				PRODUCT_NAME = "$(TARGET_NAME)";
				WRAPPER_EXTENSION = app;
			};
			name = Release;
		};
		BEA85CAC195095A500F4CC70 /* Debug */ = {
			isa = XCBuildConfiguration;
			buildSettings = {
				BUNDLE_LOADER = "$(BUILT_PRODUCTS_DIR)/HyperExperimental.app/HyperExperimental";
				FRAMEWORK_SEARCH_PATHS = (
					"$(SDKROOT)/Developer/Library/Frameworks",
					"$(inherited)",
					"$(DEVELOPER_FRAMEWORKS_DIR)",
				);
				GCC_PRECOMPILE_PREFIX_HEADER = YES;
				GCC_PREFIX_HEADER = "HyperExperimental/HyperExperimental-Prefix.pch";
				GCC_PREPROCESSOR_DEFINITIONS = (
					"DEBUG=1",
					"$(inherited)",
				);
				INFOPLIST_FILE = "HyperExperimentalTests/HyperExperimentalTests-Info.plist";
				PRODUCT_NAME = "$(TARGET_NAME)";
				TEST_HOST = "$(BUNDLE_LOADER)";
				WRAPPER_EXTENSION = xctest;
			};
			name = Debug;
		};
		BEA85CAD195095A500F4CC70 /* Release */ = {
			isa = XCBuildConfiguration;
			buildSettings = {
				BUNDLE_LOADER = "$(BUILT_PRODUCTS_DIR)/HyperExperimental.app/HyperExperimental";
				FRAMEWORK_SEARCH_PATHS = (
					"$(SDKROOT)/Developer/Library/Frameworks",
					"$(inherited)",
					"$(DEVELOPER_FRAMEWORKS_DIR)",
				);
				GCC_PRECOMPILE_PREFIX_HEADER = YES;
				GCC_PREFIX_HEADER = "HyperExperimental/HyperExperimental-Prefix.pch";
				INFOPLIST_FILE = "HyperExperimentalTests/HyperExperimentalTests-Info.plist";
				PRODUCT_NAME = "$(TARGET_NAME)";
				TEST_HOST = "$(BUNDLE_LOADER)";
				WRAPPER_EXTENSION = xctest;
			};
			name = Release;
		};
/* End XCBuildConfiguration section */

/* Begin XCConfigurationList section */
		BEA85C77195095A500F4CC70 /* Build configuration list for PBXProject "HyperExperimental" */ = {
			isa = XCConfigurationList;
			buildConfigurations = (
				BEA85CA6195095A500F4CC70 /* Debug */,
				BEA85CA7195095A500F4CC70 /* Release */,
			);
			defaultConfigurationIsVisible = 0;
			defaultConfigurationName = Release;
		};
		BEA85CA8195095A500F4CC70 /* Build configuration list for PBXNativeTarget "HyperExperimental" */ = {
			isa = XCConfigurationList;
			buildConfigurations = (
				BEA85CA9195095A500F4CC70 /* Debug */,
				BEA85CAA195095A500F4CC70 /* Release */,
			);
			defaultConfigurationIsVisible = 0;
			defaultConfigurationName = Release;
		};
		BEA85CAB195095A500F4CC70 /* Build configuration list for PBXNativeTarget "HyperExperimentalTests" */ = {
			isa = XCConfigurationList;
			buildConfigurations = (
				BEA85CAC195095A500F4CC70 /* Debug */,
				BEA85CAD195095A500F4CC70 /* Release */,
			);
			defaultConfigurationIsVisible = 0;
			defaultConfigurationName = Release;
		};
/* End XCConfigurationList section */
	};
	rootObject = BEA85C74195095A500F4CC70 /* Project object */;
}
